
Microsoft Visual Studio Solution File, Format Version 12.00
# Visual Studio 15
VisualStudioVersion = 15.0.34031.82
MinimumVisualStudioVersion = 10.0.40219.1
Project("{F184B08F-C81C-45F6-A57F-5ABD9991F28F}") = "CleanBedRelease", "CleanBedRelease\CleanBedRelease.vbproj", "{8F9D5057-0630-435F-BF5B-F3EBEEC4882C}"
EndProject
Global
	GlobalSection(SolutionConfigurationPlatforms) = preSolution
		Debug|Any CPU = Debug|Any CPU
		Release|Any CPU = Release|Any CPU
	EndGlobalSection
	GlobalSection(ProjectConfigurationPlatforms) = postSolution
		{8F9D5057-0630-435F-BF5B-F3EBEEC4882C}.Debug|Any CPU.ActiveCfg = Debug|Any CPU
		{8F9D5057-0630-435F-BF5B-F3EBEEC4882C}.Debug|Any CPU.Build.0 = Debug|Any CPU
		{8F9D5057-0630-435F-BF5B-F3EBEEC4882C}.Release|Any CPU.ActiveCfg = Release|Any CPU
		{8F9D5057-0630-435F-BF5B-F3EBEEC4882C}.Release|Any CPU.Build.0 = Release|Any CPU
	EndGlobalSection
	GlobalSection(SolutionProperties) = preSolution
		HideSolutionNode = FALSE
	EndGlobalSection
	GlobalSection(ExtensibilityGlobals) = postSolution
		SolutionGuid = {1A88B816-D2D5-419C-BBDD-211A052B9E71}
	EndGlobalSection
EndGlobal
